
Microsoft Visual Studio Solution File, Format Version 12.00
Project("{2150E333-8FDC-42A3-9474-1A3956D46DE8}") = "src", "src", "{42A87587-92B2-4155-B2B5-C89B3EF99C0B}"
EndProject
Project("{2150E333-8FDC-42A3-9474-1A3956D46DE8}") = "CatalogService", "CatalogService", "{517AA450-4295-4230-98EE-0E7CFF6B9FE8}"
EndProject
Project("{2150E333-8FDC-42A3-9474-1A3956D46DE8}") = "CartService", "CartService", "{EFB88546-1AEE-4417-8485-93D541C8874C}"
EndProject
Project("{2150E333-8FDC-42A3-9474-1A3956D46DE8}") = "PaymentService", "PaymentService", "{63E65824-69D0-4694-BFBA-048A9C319AAB}"
EndProject
Project("{FAE04EC0-301F-11D3-BF4B-00C04F79EFBC}") = "CartService.API", "CartService.API\CartService.API.csproj", "{4C0978A5-E724-495C-8B0C-CA544F2D1FAE}"
EndProject
Project("{FAE04EC0-301F-11D3-BF4B-00C04F79EFBC}") = "PaymentService.API", "PaymentService.API\PaymentService.API.csproj", "{9AFB22F5-A0D8-4597-A487-5F7886380F58}"
EndProject
Project("{FAE04EC0-301F-11D3-BF4B-00C04F79EFBC}") = "CartService.Application", "CartService.Application\CartService.Application.csproj", "{FC566F9F-439F-47B3-9D5C-6DAF732FD4C0}"
EndProject
Project("{FAE04EC0-301F-11D3-BF4B-00C04F79EFBC}") = "CatalogService.Application", "CatalogService.Application\CatalogService.Application.csproj", "{759FB6D2-0CF1-4023-8595-417E8B026AD6}"
EndProject
Project("{FAE04EC0-301F-11D3-BF4B-00C04F79EFBC}") = "PaymentService.Application", "PaymentService.Application\PaymentService.Application.csproj", "{607A356D-DBD7-4A97-8A40-46E976270587}"
EndProject
Project("{FAE04EC0-301F-11D3-BF4B-00C04F79EFBC}") = "CartService.Domain", "CartService.Domain\CartService.Domain.csproj", "{1C1F5A70-73E4-48DC-9A84-11A40977A61D}"
EndProject
Project("{FAE04EC0-301F-11D3-BF4B-00C04F79EFBC}") = "CatalogService.Domain", "CatalogService.Domain\CatalogService.Domain.csproj", "{5E22D247-42AF-49BF-9F59-A181FBEF33B6}"
EndProject
Project("{FAE04EC0-301F-11D3-BF4B-00C04F79EFBC}") = "PaymentService.Domain", "PaymentService.Domain\PaymentService.Domain.csproj", "{AE1274F8-B026-430A-BFA5-7CB01A8EE7AC}"
EndProject
Project("{FAE04EC0-301F-11D3-BF4B-00C04F79EFBC}") = "CartService.Infrastructure", "CartService.Infrastructure\CartService.Infrastructure.csproj", "{182C33D8-58FA-467A-BB40-B074ADEF814C}"
EndProject
Project("{FAE04EC0-301F-11D3-BF4B-00C04F79EFBC}") = "CatalogService.Infrastructure", "CatalogService.Infrastructure\CatalogService.Infrastructure.csproj", "{38C7DBE4-4D2F-4618-91D8-5E349F01F083}"
EndProject
Project("{FAE04EC0-301F-11D3-BF4B-00C04F79EFBC}") = "PaymentService.Infrastructure", "PaymentService.Infrastructure\PaymentService.Infrastructure.csproj", "{E564109A-BDE8-4746-A71A-2815D283D426}"
EndProject
Project("{FAE04EC0-301F-11D3-BF4B-00C04F79EFBC}") = "CatalogService.API", "CatalogService.API\CatalogService.API.csproj", "{AACB7544-EFAA-413F-9843-C64A6C7B5595}"
EndProject
Global
	GlobalSection(SolutionConfigurationPlatforms) = preSolution
		Debug|Any CPU = Debug|Any CPU
		Release|Any CPU = Release|Any CPU
	EndGlobalSection
	GlobalSection(ProjectConfigurationPlatforms) = postSolution
		{4C0978A5-E724-495C-8B0C-CA544F2D1FAE}.Debug|Any CPU.ActiveCfg = Debug|Any CPU
		{4C0978A5-E724-495C-8B0C-CA544F2D1FAE}.Debug|Any CPU.Build.0 = Debug|Any CPU
		{4C0978A5-E724-495C-8B0C-CA544F2D1FAE}.Release|Any CPU.ActiveCfg = Release|Any CPU
		{4C0978A5-E724-495C-8B0C-CA544F2D1FAE}.Release|Any CPU.Build.0 = Release|Any CPU
		{9AFB22F5-A0D8-4597-A487-5F7886380F58}.Debug|Any CPU.ActiveCfg = Debug|Any CPU
		{9AFB22F5-A0D8-4597-A487-5F7886380F58}.Debug|Any CPU.Build.0 = Debug|Any CPU
		{9AFB22F5-A0D8-4597-A487-5F7886380F58}.Release|Any CPU.ActiveCfg = Release|Any CPU
		{9AFB22F5-A0D8-4597-A487-5F7886380F58}.Release|Any CPU.Build.0 = Release|Any CPU
		{FC566F9F-439F-47B3-9D5C-6DAF732FD4C0}.Debug|Any CPU.ActiveCfg = Debug|Any CPU
		{FC566F9F-439F-47B3-9D5C-6DAF732FD4C0}.Debug|Any CPU.Build.0 = Debug|Any CPU
		{FC566F9F-439F-47B3-9D5C-6DAF732FD4C0}.Release|Any CPU.ActiveCfg = Release|Any CPU
		{FC566F9F-439F-47B3-9D5C-6DAF732FD4C0}.Release|Any CPU.Build.0 = Release|Any CPU
		{759FB6D2-0CF1-4023-8595-417E8B026AD6}.Debug|Any CPU.ActiveCfg = Debug|Any CPU
		{759FB6D2-0CF1-4023-8595-417E8B026AD6}.Debug|Any CPU.Build.0 = Debug|Any CPU
		{759FB6D2-0CF1-4023-8595-417E8B026AD6}.Release|Any CPU.ActiveCfg = Release|Any CPU
		{759FB6D2-0CF1-4023-8595-417E8B026AD6}.Release|Any CPU.Build.0 = Release|Any CPU
		{607A356D-DBD7-4A97-8A40-46E976270587}.Debug|Any CPU.ActiveCfg = Debug|Any CPU
		{607A356D-DBD7-4A97-8A40-46E976270587}.Debug|Any CPU.Build.0 = Debug|Any CPU
		{607A356D-DBD7-4A97-8A40-46E976270587}.Release|Any CPU.ActiveCfg = Release|Any CPU
		{607A356D-DBD7-4A97-8A40-46E976270587}.Release|Any CPU.Build.0 = Release|Any CPU
		{1C1F5A70-73E4-48DC-9A84-11A40977A61D}.Debug|Any CPU.ActiveCfg = Debug|Any CPU
		{1C1F5A70-73E4-48DC-9A84-11A40977A61D}.Debug|Any CPU.Build.0 = Debug|Any CPU
		{1C1F5A70-73E4-48DC-9A84-11A40977A61D}.Release|Any CPU.ActiveCfg = Release|Any CPU
		{1C1F5A70-73E4-48DC-9A84-11A40977A61D}.Release|Any CPU.Build.0 = Release|Any CPU
		{5E22D247-42AF-49BF-9F59-A181FBEF33B6}.Debug|Any CPU.ActiveCfg = Debug|Any CPU
		{5E22D247-42AF-49BF-9F59-A181FBEF33B6}.Debug|Any CPU.Build.0 = Debug|Any CPU
		{5E22D247-42AF-49BF-9F59-A181FBEF33B6}.Release|Any CPU.ActiveCfg = Release|Any CPU
		{5E22D247-42AF-49BF-9F59-A181FBEF33B6}.Release|Any CPU.Build.0 = Release|Any CPU
		{AE1274F8-B026-430A-BFA5-7CB01A8EE7AC}.Debug|Any CPU.ActiveCfg = Debug|Any CPU
		{AE1274F8-B026-430A-BFA5-7CB01A8EE7AC}.Debug|Any CPU.Build.0 = Debug|Any CPU
		{AE1274F8-B026-430A-BFA5-7CB01A8EE7AC}.Release|Any CPU.ActiveCfg = Release|Any CPU
		{AE1274F8-B026-430A-BFA5-7CB01A8EE7AC}.Release|Any CPU.Build.0 = Release|Any CPU
		{182C33D8-58FA-467A-BB40-B074ADEF814C}.Debug|Any CPU.ActiveCfg = Debug|Any CPU
		{182C33D8-58FA-467A-BB40-B074ADEF814C}.Debug|Any CPU.Build.0 = Debug|Any CPU
		{182C33D8-58FA-467A-BB40-B074ADEF814C}.Release|Any CPU.ActiveCfg = Release|Any CPU
		{182C33D8-58FA-467A-BB40-B074ADEF814C}.Release|Any CPU.Build.0 = Release|Any CPU
		{38C7DBE4-4D2F-4618-91D8-5E349F01F083}.Debug|Any CPU.ActiveCfg = Debug|Any CPU
		{38C7DBE4-4D2F-4618-91D8-5E349F01F083}.Debug|Any CPU.Build.0 = Debug|Any CPU
		{38C7DBE4-4D2F-4618-91D8-5E349F01F083}.Release|Any CPU.ActiveCfg = Release|Any CPU
		{38C7DBE4-4D2F-4618-91D8-5E349F01F083}.Release|Any CPU.Build.0 = Release|Any CPU
		{E564109A-BDE8-4746-A71A-2815D283D426}.Debug|Any CPU.ActiveCfg = Debug|Any CPU
		{E564109A-BDE8-4746-A71A-2815D283D426}.Debug|Any CPU.Build.0 = Debug|Any CPU
		{E564109A-BDE8-4746-A71A-2815D283D426}.Release|Any CPU.ActiveCfg = Release|Any CPU
		{E564109A-BDE8-4746-A71A-2815D283D426}.Release|Any CPU.Build.0 = Release|Any CPU
		{AACB7544-EFAA-413F-9843-C64A6C7B5595}.Debug|Any CPU.ActiveCfg = Debug|Any CPU
		{AACB7544-EFAA-413F-9843-C64A6C7B5595}.Debug|Any CPU.Build.0 = Debug|Any CPU
		{AACB7544-EFAA-413F-9843-C64A6C7B5595}.Release|Any CPU.ActiveCfg = Release|Any CPU
		{AACB7544-EFAA-413F-9843-C64A6C7B5595}.Release|Any CPU.Build.0 = Release|Any CPU
	EndGlobalSection
	GlobalSection(NestedProjects) = preSolution
		{517AA450-4295-4230-98EE-0E7CFF6B9FE8} = {42A87587-92B2-4155-B2B5-C89B3EF99C0B}
		{EFB88546-1AEE-4417-8485-93D541C8874C} = {42A87587-92B2-4155-B2B5-C89B3EF99C0B}
		{63E65824-69D0-4694-BFBA-048A9C319AAB} = {42A87587-92B2-4155-B2B5-C89B3EF99C0B}
		{4C0978A5-E724-495C-8B0C-CA544F2D1FAE} = {EFB88546-1AEE-4417-8485-93D541C8874C}
		{9AFB22F5-A0D8-4597-A487-5F7886380F58} = {63E65824-69D0-4694-BFBA-048A9C319AAB}
		{FC566F9F-439F-47B3-9D5C-6DAF732FD4C0} = {EFB88546-1AEE-4417-8485-93D541C8874C}
		{759FB6D2-0CF1-4023-8595-417E8B026AD6} = {517AA450-4295-4230-98EE-0E7CFF6B9FE8}
		{607A356D-DBD7-4A97-8A40-46E976270587} = {63E65824-69D0-4694-BFBA-048A9C319AAB}
		{1C1F5A70-73E4-48DC-9A84-11A40977A61D} = {EFB88546-1AEE-4417-8485-93D541C8874C}
		{5E22D247-42AF-49BF-9F59-A181FBEF33B6} = {517AA450-4295-4230-98EE-0E7CFF6B9FE8}
		{AE1274F8-B026-430A-BFA5-7CB01A8EE7AC} = {63E65824-69D0-4694-BFBA-048A9C319AAB}
		{182C33D8-58FA-467A-BB40-B074ADEF814C} = {EFB88546-1AEE-4417-8485-93D541C8874C}
		{38C7DBE4-4D2F-4618-91D8-5E349F01F083} = {517AA450-4295-4230-98EE-0E7CFF6B9FE8}
		{E564109A-BDE8-4746-A71A-2815D283D426} = {63E65824-69D0-4694-BFBA-048A9C319AAB}
		{AACB7544-EFAA-413F-9843-C64A6C7B5595} = {517AA450-4295-4230-98EE-0E7CFF6B9FE8}
	EndGlobalSection
EndGlobal
